
Microsoft Visual Studio Solution File, Format Version 12.00
# Visual Studio Version 17
VisualStudioVersion = 17.13.35931.197 d17.13
MinimumVisualStudioVersion = 10.0.40219.1
Project("{FAE04EC0-301F-11D3-BF4B-00C04F79EFBC}") = "SmartCampus", "SmartCampus\SmartCampus.csproj", "{02CA7F78-55A5-47EF-A512-633A5EEDBF17}"
EndProject
Global
	GlobalSection(SolutionConfigurationPlatforms) = preSolution
		Debug|Any CPU = Debug|Any CPU
		Release|Any CPU = Release|Any CPU
	EndGlobalSection
	GlobalSection(ProjectConfigurationPlatforms) = postSolution
		{02CA7F78-55A5-47EF-A512-633A5EEDBF17}.Debug|Any CPU.ActiveCfg = Debug|Any CPU
		{02CA7F78-55A5-47EF-A512-633A5EEDBF17}.Debug|Any CPU.Build.0 = Debug|Any CPU
		{02CA7F78-55A5-47EF-A512-633A5EEDBF17}.Release|Any CPU.ActiveCfg = Release|Any CPU
		{02CA7F78-55A5-47EF-A512-633A5EEDBF17}.Release|Any CPU.Build.0 = Release|Any CPU
	EndGlobalSection
	GlobalSection(SolutionProperties) = preSolution
		HideSolutionNode = FALSE
	EndGlobalSection
	GlobalSection(ExtensibilityGlobals) = postSolution
		SolutionGuid = {8FB7AE27-0CB4-48AE-8D0C-45C740FF76D5}
	EndGlobalSection
EndGlobal
